
Microsoft Visual Studio Solution File, Format Version 12.00
# Visual Studio Version 17
VisualStudioVersion = 17.8.34322.80
MinimumVisualStudioVersion = 10.0.40219.1
Project("{9A19103F-16F7-4668-BE54-9A1E7A4F7556}") = "KH.Lab.GWS", "KH.Lab.GWS\KH.Lab.GWS.csproj", "{3783051D-7B50-4229-8AB5-DC143BF38EDB}"
EndProject
Project("{FAE04EC0-301F-11D3-BF4B-00C04F79EFBC}") = "KH.Lab.GWS.Login", "KH.Lab.GWS.Login\KH.Lab.GWS.Login.csproj", "{042EF152-0B42-44DB-804C-6F17B960858A}"
EndProject
Global
	GlobalSection(SolutionConfigurationPlatforms) = preSolution
		Debug|Any CPU = Debug|Any CPU
		Release|Any CPU = Release|Any CPU
	EndGlobalSection
	GlobalSection(ProjectConfigurationPlatforms) = postSolution
		{3783051D-7B50-4229-8AB5-DC143BF38EDB}.Debug|Any CPU.ActiveCfg = Debug|Any CPU
		{3783051D-7B50-4229-8AB5-DC143BF38EDB}.Debug|Any CPU.Build.0 = Debug|Any CPU
		{3783051D-7B50-4229-8AB5-DC143BF38EDB}.Release|Any CPU.ActiveCfg = Release|Any CPU
		{3783051D-7B50-4229-8AB5-DC143BF38EDB}.Release|Any CPU.Build.0 = Release|Any CPU
		{042EF152-0B42-44DB-804C-6F17B960858A}.Debug|Any CPU.ActiveCfg = Debug|Any CPU
		{042EF152-0B42-44DB-804C-6F17B960858A}.Debug|Any CPU.Build.0 = Debug|Any CPU
		{042EF152-0B42-44DB-804C-6F17B960858A}.Release|Any CPU.ActiveCfg = Release|Any CPU
		{042EF152-0B42-44DB-804C-6F17B960858A}.Release|Any CPU.Build.0 = Release|Any CPU
	EndGlobalSection
	GlobalSection(SolutionProperties) = preSolution
		HideSolutionNode = FALSE
	EndGlobalSection
	GlobalSection(ExtensibilityGlobals) = postSolution
		SolutionGuid = {90C6A845-B5D6-4933-B009-AF0B5283A759}
	EndGlobalSection
EndGlobal
